// !$*UTF8*$!
{
	archiveVersion = 1;
	classes = {
	};
	objectVersion = 46;
	objects = {

/* Begin PBXBuildFile section */
		993E15681CE5090000FC7B17 /* AppDelegate.swift in Sources */ = {isa = PBXBuildFile; fileRef = 993E15671CE5090000FC7B17 /* AppDelegate.swift */; };
		993E156A1CE5090000FC7B17 /* ViewController.swift in Sources */ = {isa = PBXBuildFile; fileRef = 993E15691CE5090000FC7B17 /* ViewController.swift */; };
		993E156D1CE5090000FC7B17 /* Main.storyboard in Resources */ = {isa = PBXBuildFile; fileRef = 993E156B1CE5090000FC7B17 /* Main.storyboard */; };
		993E156F1CE5090000FC7B17 /* Assets.xcassets in Resources */ = {isa = PBXBuildFile; fileRef = 993E156E1CE5090000FC7B17 /* Assets.xcassets */; };
		993E15721CE5090000FC7B17 /* LaunchScreen.storyboard in Resources */ = {isa = PBXBuildFile; fileRef = 993E15701CE5090000FC7B17 /* LaunchScreen.storyboard */; };
/* End PBXBuildFile section */

/* Begin PBXFileReference section */
		993E15641CE5090000FC7B17 /* marcandoLaRuta.app */ = {isa = PBXFileReference; explicitFileType = wrapper.application; includeInIndex = 0; path = marcandoLaRuta.app; sourceTree = BUILT_PRODUCTS_DIR; };
		993E15671CE5090000FC7B17 /* AppDelegate.swift */ = {isa = PBXFileReference; lastKnownFileType = sourcecode.swift; path = AppDelegate.swift; sourceTree = "<group>"; };
		993E15691CE5090000FC7B17 /* ViewController.swift */ = {isa = PBXFileReference; lastKnownFileType = sourcecode.swift; path = ViewController.swift; sourceTree = "<group>"; };
		993E156C1CE5090000FC7B17 /* Base */ = {isa = PBXFileReference; lastKnownFileType = file.storyboard; name = Base; path = Base.lproj/Main.storyboard; sourceTree = "<group>"; };
		993E156E1CE5090000FC7B17 /* Assets.xcassets */ = {isa = PBXFileReference; lastKnownFileType = folder.assetcatalog; path = Assets.xcassets; sourceTree = "<group>"; };
		993E15711CE5090000FC7B17 /* Base */ = {isa = PBXFileReference; lastKnownFileType = file.storyboard; name = Base; path = Base.lproj/LaunchScreen.storyboard; sourceTree = "<group>"; };
		993E15731CE5090000FC7B17 /* Info.plist */ = {isa = PBXFileReference; lastKnownFileType = text.plist.xml; path = Info.plist; sourceTree = "<group>"; };
/* End PBXFileReference section */

/* Begin PBXFrameworksBuildPhase section */
		993E15611CE5090000FC7B17 /* Frameworks */ = {
			isa = PBXFrameworksBuildPhase;
			buildActionMask = 2147483647;
			files = (
			);
			runOnlyForDeploymentPostprocessing = 0;
		};
/* End PBXFrameworksBuildPhase section */

/* Begin PBXGroup section */
		993E155B1CE5090000FC7B17 = {
			isa = PBXGroup;
			children = (
				993E15661CE5090000FC7B17 /* marcandoLaRuta */,
				993E15651CE5090000FC7B17 /* Products */,
			);
			sourceTree = "<group>";
		};
		993E15651CE5090000FC7B17 /* Products */ = {
			isa = PBXGroup;
			children = (
				993E15641CE5090000FC7B17 /* marcandoLaRuta.app */,
			);
			name = Products;
			sourceTree = "<group>";
		};
		993E15661CE5090000FC7B17 /* marcandoLaRuta */ = {
			isa = PBXGroup;
			children = (
				993E15671CE5090000FC7B17 /* AppDelegate.swift */,
				993E15691CE5090000FC7B17 /* ViewController.swift */,
				993E156B1CE5090000FC7B17 /* Main.storyboard */,
				993E156E1CE5090000FC7B17 /* Assets.xcassets */,
				993E15701CE5090000FC7B17 /* LaunchScreen.storyboard */,
				993E15731CE5090000FC7B17 /* Info.plist */,
			);
			path = marcandoLaRuta;
			sourceTree = "<group>";
		};
/* End PBXGroup section */

/* Begin PBXNativeTarget section */
		993E15631CE5090000FC7B17 /* marcandoLaRuta */ = {
			isa = PBXNativeTarget;
			buildConfigurationList = 993E15761CE5090000FC7B17 /* Build configuration list for PBXNativeTarget "marcandoLaRuta" */;
			buildPhases = (
				993E15601CE5090000FC7B17 /* Sources */,
				993E15611CE5090000FC7B17 /* Frameworks */,
				993E15621CE5090000FC7B17 /* Resources */,
			);
			buildRules = (
			);
			dependencies = (
			);
			name = marcandoLaRuta;
			productName = marcandoLaRuta;
			productReference = 993E15641CE5090000FC7B17 /* marcandoLaRuta.app */;
			productType = "com.apple.product-type.application";
		};
/* End PBXNativeTarget section */

/* Begin PBXProject section */
		993E155C1CE5090000FC7B17 /* Project object */ = {
			isa = PBXProject;
			attributes = {
				LastSwiftUpdateCheck = 0730;
				LastUpgradeCheck = 0730;
				ORGANIZATIONNAME = "Mael T.";
				TargetAttributes = {
					993E15631CE5090000FC7B17 = {
						CreatedOnToolsVersion = 7.3;
					};
				};
			};
			buildConfigurationList = 993E155F1CE5090000FC7B17 /* Build configuration list for PBXProject "marcandoLaRuta" */;
			compatibilityVersion = "Xcode 3.2";
			developmentRegion = English;
			hasScannedForEncodings = 0;
			knownRegions = (
				en,
				Base,
			);
			mainGroup = 993E155B1CE5090000FC7B17;
			productRefGroup = 993E15651CE5090000FC7B17 /* Products */;
			projectDirPath = "";
			projectRoot = "";
			targets = (
				993E15631CE5090000FC7B17 /* marcandoLaRuta */,
			);
		};
/* End PBXProject section */

/* Begin PBXResourcesBuildPhase section */
		993E15621CE5090000FC7B17 /* Resources */ = {
			isa = PBXResourcesBuildPhase;
			buildActionMask = 2147483647;
			files = (
				993E15721CE5090000FC7B17 /* LaunchScreen.storyboard in Resources */,
				993E156F1CE5090000FC7B17 /* Assets.xcassets in Resources */,
				993E156D1CE5090000FC7B17 /* Main.storyboard in Resources */,
			);
			runOnlyForDeploymentPostprocessing = 0;
		};
/* End PBXResourcesBuildPhase section */

/* Begin PBXSourcesBuildPhase section */
		993E15601CE5090000FC7B17 /* Sources */ = {
			isa = PBXSourcesBuildPhase;
			buildActionMask = 2147483647;
			files = (
				993E156A1CE5090000FC7B17 /* ViewController.swift in Sources */,
				993E15681CE5090000FC7B17 /* AppDelegate.swift in Sources */,
			);
			runOnlyForDeploymentPostprocessing = 0;
		};
/* End PBXSourcesBuildPhase section */

/* Begin PBXVariantGroup section */
		993E156B1CE5090000FC7B17 /* Main.storyboard */ = {
			isa = PBXVariantGroup;
			children = (
				993E156C1CE5090000FC7B17 /* Base */,
			);
			name = Main.storyboard;
			sourceTree = "<group>";
		};
		993E15701CE5090000FC7B17 /* LaunchScreen.storyboard */ = {
			isa = PBXVariantGroup;
			children = (
				993E15711CE5090000FC7B17 /* Base */,
			);
			name = LaunchScreen.storyboard;
			sourceTree = "<group>";
		};
/* End PBXVariantGroup section */

/* Begin XCBuildConfiguration section */
		993E15741CE5090000FC7B17 /* Debug */ = {
			isa = XCBuildConfiguration;
			buildSettings = {
				ALWAYS_SEARCH_USER_PATHS = NO;
				CLANG_ANALYZER_NONNULL = YES;
				CLANG_CXX_LANGUAGE_STANDARD = "gnu++0x";
				CLANG_CXX_LIBRARY = "libc++";
				CLANG_ENABLE_MODULES = YES;
				CLANG_ENABLE_OBJC_ARC = YES;
				CLANG_WARN_BOOL_CONVERSION = YES;
				CLANG_WARN_CONSTANT_CONVERSION = YES;
				CLANG_WARN_DIRECT_OBJC_ISA_USAGE = YES_ERROR;
				CLANG_WARN_EMPTY_BODY = YES;
				CLANG_WARN_ENUM_CONVERSION = YES;
				CLANG_WARN_INT_CONVERSION = YES;
				CLANG_WARN_OBJC_ROOT_CLASS = YES_ERROR;
				CLANG_WARN_UNREACHABLE_CODE = YES;
				CLANG_WARN__DUPLICATE_METHOD_MATCH = YES;
				"CODE_SIGN_IDENTITY[sdk=iphoneos*]" = "iPhone Developer";
				COPY_PHASE_STRIP = NO;
				DEBUG_INFORMATION_FORMAT = dwarf;
				ENABLE_STRICT_OBJC_MSGSEND = YES;
				ENABLE_TESTABILITY = YES;
				GCC_C_LANGUAGE_STANDARD = gnu99;
				GCC_DYNAMIC_NO_PIC = NO;
				GCC_NO_COMMON_BLOCKS = YES;
				GCC_OPTIMIZATION_LEVEL = 0;
				GCC_PREPROCESSOR_DEFINITIONS = (
					"DEBUG=1",
					"$(inherited)",
				);
				GCC_WARN_64_TO_32_BIT_CONVERSION = YES;
				GCC_WARN_ABOUT_RETURN_TYPE = YES_ERROR;
				GCC_WARN_UNDECLARED_SELECTOR = YES;
				GCC_WARN_UNINITIALIZED_AUTOS = YES_AGGRESSIVE;
				GCC_WARN_UNUSED_FUNCTION = YES;
				GCC_WARN_UNUSED_VARIABLE = YES;
				IPHONEOS_DEPLOYMENT_TARGET = 9.3;
				MTL_ENABLE_DEBUG_INFO = YES;
				ONLY_ACTIVE_ARCH = YES;
				SDKROOT = iphoneos;
				SWIFT_OPTIMIZATION_LEVEL = "-Onone";
			};
			name = Debug;
		};
		993E15751CE5090000FC7B17 /* Release */ = {
			isa = XCBuildConfiguration;
			buildSettings = {
				ALWAYS_SEARCH_USER_PATHS = NO;
				CLANG_ANALYZER_NONNULL = YES;
				CLANG_CXX_LANGUAGE_STANDARD = "gnu++0x";
				CLANG_CXX_LIBRARY = "libc++";
				CLANG_ENABLE_MODULES = YES;
				CLANG_ENABLE_OBJC_ARC = YES;
				CLANG_WARN_BOOL_CONVERSION = YES;
				CLANG_WARN_CONSTANT_CONVERSION = YES;
				CLANG_WARN_DIRECT_OBJC_ISA_USAGE = YES_ERROR;
				CLANG_WARN_EMPTY_BODY = YES;
				CLANG_WARN_ENUM_CONVERSION = YES;
				CLANG_WARN_INT_CONVERSION = YES;
				CLANG_WARN_OBJC_ROOT_CLASS = YES_ERROR;
				CLANG_WARN_UNREACHABLE_CODE = YES;
				CLANG_WARN__DUPLICATE_METHOD_MATCH = YES;
				"CODE_SIGN_IDENTITY[sdk=iphoneos*]" = "iPhone Developer";
				COPY_PHASE_STRIP = NO;
				DEBUG_INFORMATION_FORMAT = "dwarf-with-dsym";
				ENABLE_NS_ASSERTIONS = NO;
				ENABLE_STRICT_OBJC_MSGSEND = YES;
				GCC_C_LANGUAGE_STANDARD = gnu99;
				GCC_NO_COMMON_BLOCKS = YES;
				GCC_WARN_64_TO_32_BIT_CONVERSION = YES;
				GCC_WARN_ABOUT_RETURN_TYPE = YES_ERROR;
				GCC_WARN_UNDECLARED_SELECTOR = YES;
				GCC_WARN_UNINITIALIZED_AUTOS = YES_AGGRESSIVE;
				GCC_WARN_UNUSED_FUNCTION = YES;
				GCC_WARN_UNUSED_VARIABLE = YES;
				IPHONEOS_DEPLOYMENT_TARGET = 9.3;
				MTL_ENABLE_DEBUG_INFO = NO;
				SDKROOT = iphoneos;
				VALIDATE_PRODUCT = YES;
			};
			name = Release;
		};
		993E15771CE5090000FC7B17 /* Debug */ = {
			isa = XCBuildConfiguration;
			buildSettings = {
				ASSETCATALOG_COMPILER_APPICON_NAME = AppIcon;
				INFOPLIST_FILE = marcandoLaRuta/Info.plist;
				LD_RUNPATH_SEARCH_PATHS = "$(inherited) @executable_path/Frameworks";
				PRODUCT_BUNDLE_IDENTIFIER = info.mael.marcandoLaRuta;
				PRODUCT_NAME = "$(TARGET_NAME)";
			};
			name = Debug;
		};
		993E15781CE5090000FC7B17 /* Release */ = {
			isa = XCBuildConfiguration;
			buildSettings = {
				ASSETCATALOG_COMPILER_APPICON_NAME = AppIcon;
				INFOPLIST_FILE = marcandoLaRuta/Info.plist;
				LD_RUNPATH_SEARCH_PATHS = "$(inherited) @executable_path/Frameworks";
				PRODUCT_BUNDLE_IDENTIFIER = info.mael.marcandoLaRuta;
				PRODUCT_NAME = "$(TARGET_NAME)";
			};
			name = Release;
		};
/* End XCBuildConfiguration section */

/* Begin XCConfigurationList section */
		993E155F1CE5090000FC7B17 /* Build configuration list for PBXProject "marcandoLaRuta" */ = {
			isa = XCConfigurationList;
			buildConfigurations = (
				993E15741CE5090000FC7B17 /* Debug */,
				993E15751CE5090000FC7B17 /* Release */,
			);
			defaultConfigurationIsVisible = 0;
			defaultConfigurationName = Release;
		};
		993E15761CE5090000FC7B17 /* Build configuration list for PBXNativeTarget "marcandoLaRuta" */ = {
			isa = XCConfigurationList;
			buildConfigurations = (
				993E15771CE5090000FC7B17 /* Debug */,
				993E15781CE5090000FC7B17 /* Release */,
			);
			defaultConfigurationIsVisible = 0;
		};
/* End XCConfigurationList section */
	};
	rootObject = 993E155C1CE5090000FC7B17 /* Project object */;
}
